
Microsoft Visual Studio Solution File, Format Version 12.00
# Visual Studio Version 17
VisualStudioVersion = 17.4.33213.308
MinimumVisualStudioVersion = 10.0.40219.1
Project("{FAE04EC0-301F-11D3-BF4B-00C04F79EFBC}") = "Examination_System", "Examination_System\Examination_System.csproj", "{A982F296-CCB8-4106-BFD7-E6AD5F6301A9}"
EndProject
Global
	GlobalSection(SolutionConfigurationPlatforms) = preSolution
		Debug|Any CPU = Debug|Any CPU
		Release|Any CPU = Release|Any CPU
	EndGlobalSection
	GlobalSection(ProjectConfigurationPlatforms) = postSolution
		{A982F296-CCB8-4106-BFD7-E6AD5F6301A9}.Debug|Any CPU.ActiveCfg = Debug|Any CPU
		{A982F296-CCB8-4106-BFD7-E6AD5F6301A9}.Debug|Any CPU.Build.0 = Debug|Any CPU
		{A982F296-CCB8-4106-BFD7-E6AD5F6301A9}.Release|Any CPU.ActiveCfg = Release|Any CPU
		{A982F296-CCB8-4106-BFD7-E6AD5F6301A9}.Release|Any CPU.Build.0 = Release|Any CPU
	EndGlobalSection
	GlobalSection(SolutionProperties) = preSolution
		HideSolutionNode = FALSE
	EndGlobalSection
	GlobalSection(ExtensibilityGlobals) = postSolution
		SolutionGuid = {C997B73E-FFE5-4BC9-9E4C-DAB2945D995D}
	EndGlobalSection
EndGlobal
